
Microsoft Visual Studio Solution File, Format Version 12.00
# Visual Studio Version 16
VisualStudioVersion = 16.0.30709.132
MinimumVisualStudioVersion = 10.0.40219.1
Project("{9A19103F-16F7-4668-BE54-9A1E7A4F7556}") = "Data", "Data\Data.csproj", "{4B831C34-B9BC-45D2-9136-D183255E01F3}"
EndProject
Project("{9A19103F-16F7-4668-BE54-9A1E7A4F7556}") = "BL", "Services\BL.csproj", "{CF538ADB-7CCA-4C82-B102-7E4B473A29B7}"
EndProject
Project("{9A19103F-16F7-4668-BE54-9A1E7A4F7556}") = "WebApi", "WebApi\WebApi.csproj", "{F763EA3A-4165-4DFB-9544-3F6B0B9757D3}"
EndProject
Project("{9A19103F-16F7-4668-BE54-9A1E7A4F7556}") = "Core", "Core\Core.csproj", "{13296711-57A5-4656-A231-28D4157B34B6}"
EndProject
Project("{9A19103F-16F7-4668-BE54-9A1E7A4F7556}") = "Root", "Root\Root.csproj", "{10E2C930-71EA-4C7A-A1A6-CB4F40F42E0F}"
EndProject
Project("{FAE04EC0-301F-11D3-BF4B-00C04F79EFBC}") = "CampaignPubTest", "CampaignPubTest\CampaignPubTest.csproj", "{87EF2076-9D8A-4D07-ADC4-CDD35D3C3FE5}"
EndProject
Global
	GlobalSection(SolutionConfigurationPlatforms) = preSolution
		Debug|Any CPU = Debug|Any CPU
		Release|Any CPU = Release|Any CPU
	EndGlobalSection
	GlobalSection(ProjectConfigurationPlatforms) = postSolution
		{4B831C34-B9BC-45D2-9136-D183255E01F3}.Debug|Any CPU.ActiveCfg = Debug|Any CPU
		{4B831C34-B9BC-45D2-9136-D183255E01F3}.Debug|Any CPU.Build.0 = Debug|Any CPU
		{4B831C34-B9BC-45D2-9136-D183255E01F3}.Release|Any CPU.ActiveCfg = Release|Any CPU
		{4B831C34-B9BC-45D2-9136-D183255E01F3}.Release|Any CPU.Build.0 = Release|Any CPU
		{CF538ADB-7CCA-4C82-B102-7E4B473A29B7}.Debug|Any CPU.ActiveCfg = Debug|Any CPU
		{CF538ADB-7CCA-4C82-B102-7E4B473A29B7}.Debug|Any CPU.Build.0 = Debug|Any CPU
		{CF538ADB-7CCA-4C82-B102-7E4B473A29B7}.Release|Any CPU.ActiveCfg = Release|Any CPU
		{CF538ADB-7CCA-4C82-B102-7E4B473A29B7}.Release|Any CPU.Build.0 = Release|Any CPU
		{F763EA3A-4165-4DFB-9544-3F6B0B9757D3}.Debug|Any CPU.ActiveCfg = Debug|Any CPU
		{F763EA3A-4165-4DFB-9544-3F6B0B9757D3}.Debug|Any CPU.Build.0 = Debug|Any CPU
		{F763EA3A-4165-4DFB-9544-3F6B0B9757D3}.Release|Any CPU.ActiveCfg = Release|Any CPU
		{F763EA3A-4165-4DFB-9544-3F6B0B9757D3}.Release|Any CPU.Build.0 = Release|Any CPU
		{13296711-57A5-4656-A231-28D4157B34B6}.Debug|Any CPU.ActiveCfg = Debug|Any CPU
		{13296711-57A5-4656-A231-28D4157B34B6}.Debug|Any CPU.Build.0 = Debug|Any CPU
		{13296711-57A5-4656-A231-28D4157B34B6}.Release|Any CPU.ActiveCfg = Release|Any CPU
		{13296711-57A5-4656-A231-28D4157B34B6}.Release|Any CPU.Build.0 = Release|Any CPU
		{10E2C930-71EA-4C7A-A1A6-CB4F40F42E0F}.Debug|Any CPU.ActiveCfg = Debug|Any CPU
		{10E2C930-71EA-4C7A-A1A6-CB4F40F42E0F}.Debug|Any CPU.Build.0 = Debug|Any CPU
		{10E2C930-71EA-4C7A-A1A6-CB4F40F42E0F}.Release|Any CPU.ActiveCfg = Release|Any CPU
		{10E2C930-71EA-4C7A-A1A6-CB4F40F42E0F}.Release|Any CPU.Build.0 = Release|Any CPU
		{87EF2076-9D8A-4D07-ADC4-CDD35D3C3FE5}.Debug|Any CPU.ActiveCfg = Debug|Any CPU
		{87EF2076-9D8A-4D07-ADC4-CDD35D3C3FE5}.Debug|Any CPU.Build.0 = Debug|Any CPU
		{87EF2076-9D8A-4D07-ADC4-CDD35D3C3FE5}.Release|Any CPU.ActiveCfg = Release|Any CPU
		{87EF2076-9D8A-4D07-ADC4-CDD35D3C3FE5}.Release|Any CPU.Build.0 = Release|Any CPU
	EndGlobalSection
	GlobalSection(SolutionProperties) = preSolution
		HideSolutionNode = FALSE
	EndGlobalSection
	GlobalSection(ExtensibilityGlobals) = postSolution
		SolutionGuid = {FA5DE7BE-6499-476A-AB34-1F2D4F98F0F3}
	EndGlobalSection
EndGlobal
